{
    "_meta": {
        "hash": {
            "sha256": "5bb7c71c5871c875547b83322978a9f9b9fca598cb03ff45ad2329c8c42e0622"
        },
        "pipfile-spec": 6,
        "requires": {
            "python_version": "3.6"
        },
        "sources": [
            {
                "name": "pypi",
                "url": "https://pypi.python.org/simple",
                "verify_ssl": true
            }
        ]
    },
    "default": {
        "beautifulsoup4": {
            "hashes": [
                "sha256:11a9a27b7d3bddc6d86f59fb76afb70e921a25ac2d6cc55b40d072bd68435a76",
                "sha256:7015e76bf32f1f574636c4288399a6de66ce08fb7b2457f628a8d70c0fbabb11",
                "sha256:808b6ac932dccb0a4126558f7dfdcf41710dd44a4ef497a0bb59a77f9f078e89"
            ],
            "version": "==4.6.0"
        },
        "bs4": {
            "hashes": [
                "sha256:36ecea1fd7cc5c0c6e4a1ff075df26d50da647b75376626cc186e2212886dd3a"
            ],
            "version": "==0.0.1"
        },
        "certifi": {
            "hashes": [
                "sha256:14131608ad2fd56836d33a71ee60fa1c82bc9d2c8d98b7bdbc631fe1b3cd1296",
                "sha256:edbc3f203427eef571f79a7692bb160a2b0f7ccaa31953e99bd17e307cf63f7d"
            ],
            "version": "==2018.1.18"
        },
        "chardet": {
            "hashes": [
                "sha256:84ab92ed1c4d4f16916e05906b6b75a6c0fb5db821cc65e70cbd64a3e2a5eaae",
                "sha256:fc323ffcaeaed0e0a02bf4d117757b98aed530d9ed4531e3e15460124c106691"
            ],
            "version": "==3.0.4"
        },
        "cssselect": {
            "hashes": [
                "sha256:066d8bc5229af09617e24b3ca4d52f1f9092d9e061931f4184cd572885c23204",
                "sha256:3b5103e8789da9e936a68d993b70df732d06b8bb9a337a05ed4eb52c17ef7206"
            ],
            "version": "==1.0.3"
        },
        "dateparser": {
            "hashes": [
                "sha256:940828183c937bcec530753211b70f673c0a9aab831e43273489b310538dff86",
                "sha256:b452ef8b36cd78ae86a50721794bc674aa3994e19b570f7ba92810f4e0a2ae03"
            ],
            "version": "==0.7.0"
        },
        "fake-useragent": {
            "hashes": [
                "sha256:cc9b9ddcebc708b3deac846f5fccb16e37c02ee47435a4ec7132271dd96aec8c"
            ],
            "version": "==0.1.10"
        },
        "humanize": {
            "hashes": [
                "sha256:a43f57115831ac7c70de098e6ac46ac13be00d69abbf60bdcac251344785bb19"
            ],
            "version": "==0.5.1"
        },
        "idna": {
            "hashes": [
                "sha256:2c6a5de3089009e3da7c5dde64a141dbc8551d5b7f6cf4ed7c2568d0cc520a8f",
                "sha256:8c7309c718f94b3a625cb648ace320157ad16ff131ae0af362c9f21b80ef6ec4"
            ],
            "version": "==2.6"
        },
        "lxml": {
            "hashes": [
                "sha256:01c45df6d90497c20aa2a07789a41941f9a1029faa30bf725fc7f6d515b1afe9",
                "sha256:0c9fef4f8d444e337df96c54544aeb85b7215b2ed7483bb6c35de97ac99f1bcd",
                "sha256:0e3cd94c95d30ba9ca3cff40e9b2a14e1a10a4fd8131105b86c6b61648f57e4b",
                "sha256:0e7996e9b46b4d8b4ac1c329a00e2d10edcd8380b95d2a676fccabf4c1dd0512",
                "sha256:1858b1933d483ec5727549d3fe166eeb54229fbd6a9d3d7ea26d2c8a28048058",
                "sha256:1b164bba1320b14905dcff77da10d5ce9c411ac4acc4fb4ed9a2a4d10fae38c9",
                "sha256:1b46f37927fa6cd1f3fe34b54f1a23bd5bea1d905657289e08e1297069a1a597",
                "sha256:231047b05907315ae9a9b6925751f9fd2c479cf7b100fff62485a25e382ca0d4",
                "sha256:28f0c6652c1b130f1e576b60532f84b19379485eb8da6185c29bd8c9c9bc97bf",
                "sha256:34d49d0f72dd82b9530322c48b70ac78cca0911275da741c3b1d2f3603c5f295",
                "sha256:3682a17fbf72d56d7e46db2e80ca23850b79c28cfe75dcd9b82f58808f730909",
                "sha256:3cf2830b9a6ad7f6e965fa53a768d4d2372a7856f20ffa6ce43d2fe9c0d34b19",
                "sha256:5b653c9379ce29ce271fbe1010c5396670f018e78b643e21beefbb3dc6d291de",
                "sha256:65a272821d5d8194358d6b46f3ca727fa56a6b63981606eac737c86d27309cdd",
                "sha256:691f2cd97cf026c611df1ea5055755eec7f878f2d4f4330dc8686583de6fc5fd",
                "sha256:6b6379495d3baacf7ed755ac68547c8dff6ce5d37bf370f0b7678888dc1283f9",
                "sha256:75322a531504d4f383264391d89993a42e286da8821ddc5ac315e57305cb84f0",
                "sha256:7f457cbda964257f443bac861d3a36732dcba8183149e7818ee2fb7c86901b94",
                "sha256:7ff1fc76d8804e0f870c343a72007ff587090c218b0f92d8ee784ac2b6eaf5b9",
                "sha256:8523fbde9c2216f3f2b950cb01ebe52e785eaa8a07ffeb456dd3576ca1b4fb9b",
                "sha256:8f37627f16e026523fca326f1b5c9a43534862fede6c3e99c2ba6a776d75c1ab",
                "sha256:a7182ea298cc3555ea56ffbb0748fe0d5e0d81451e2bc16d7f4645cd01b1ca70",
                "sha256:abbd2fb4a5a04c11b5e04eb146659a0cf67bb237dd3d7ca3b9994d3a9f826e55",
                "sha256:accc9f6b77bed0a6f267b4fae120f6008a951193d548cdbe9b61fc98a08b1cf8",
                "sha256:bd88c8ce0d1504fdfd96a35911dd4f3edfb2e560d7cfdb5a3d09aa571ae5fbae",
                "sha256:c557ad647facb3c0027a9d0af58853f905e85a0a2f04dcb73f8e665272fcdc3a",
                "sha256:defabb7fbb99f9f7b3e0b24b286a46855caef4776495211b066e9e6592d12b04",
                "sha256:e2629cdbcad82b83922a3488937632a4983ecc0fed3e5cfbf430d069382eeb9b"
            ],
            "version": "==4.2.1"
        },
        "maya": {
            "hashes": [
                "sha256:ad1969bae78afb148c45a2f63591a7575ec05b4a0ab7ec04987ab7d73649f9d6",
                "sha256:d8a7ed8513b2990036fe456c9f595b54d19ec49cb4461cd95a2ef6c487fb55eb"
            ],
            "index": "pypi",
            "version": "==0.3.4"
        },
        "parse": {
            "hashes": [
                "sha256:8048dde3f5ca07ad7ac7350460952d83b63eaacecdac1b37f45fd74870d849d2"
            ],
            "version": "==1.8.2"
        },
        "pendulum": {
            "hashes": [
                "sha256:253983de6d64a01909c2524e4ab27febd0d3987d001ea6ab93a7b945fdc0e6c6",
                "sha256:3d8b280a903fb25bdba258203bbcd0533c5c04a65878f6e0700931dedd2bae72",
                "sha256:4c945ed6a3b0afab8c2f1b1e3e26bb23ad0a9be6f201604111a8217cea78e7ab",
                "sha256:501670f3b1d581395ec4094aff7c13dca6b699d1810cf15c446433b9e736eb4a",
                "sha256:601e52cb0425e94b1784b6613a9085e0066ae1fa1915d18771884b67e93cac5c",
                "sha256:76ee830b4b57a3f8244a228505bf9c55285cc92f1a200c8578b0ca54f8185861",
                "sha256:b9a7ef02ad6255292f35218c595f8be35e0ca3c7ac19e633ff2de96480f26ab3",
                "sha256:f30fb1149e4f67b3aaa9eae874dca7bbf49788ac121d702486f5b9fe549e7920"
            ],
            "version": "==1.4.4"
        },
        "pyee": {
            "hashes": [
                "sha256:47f8fa96d6dee61c82001831e1fbba55f3f808003a322d0e6653aa01c59f6b9e",
                "sha256:4ec22817297b7024f89721cc34f790ee2767c5b5ca44284c565ee643abafbe32"
            ],
            "version": "==5.0.0"
        },
        "pyppeteer": {
            "hashes": [
                "sha256:5366e416f2d9f557e60ee5a75bea112c5d7b75805db35d7140a2cbd2c8a6a55b"
            ],
            "version": "==0.0.17"
        },
        "pyquery": {
            "hashes": [
                "sha256:07987c2ed2aed5cba29ff18af95e56e9eb04a2249f42ce47bddfb37f487229a3",
                "sha256:4771db76bd14352eba006463656aef990a0147a0eeaf094725097acfa90442bf"
            ],
            "version": "==1.4.0"
        },
        "python-dateutil": {
            "hashes": [
                "sha256:3220490fb9741e2342e1cf29a503394fdac874bc39568288717ee67047ff29df",
                "sha256:9d8074be4c993fbe4947878ce593052f71dac82932a677d49194d8ce9778002e"
            ],
            "version": "==2.7.2"
        },
        "pytz": {
            "hashes": [
                "sha256:65ae0c8101309c45772196b21b74c46b2e5d11b6275c45d251b150d5da334555",
                "sha256:c06425302f2cf668f1bba7a0a03f3c1d34d4ebeef2c72003da308b3947c7f749"
            ],
            "version": "==2018.4"
        },
        "pytzdata": {
            "hashes": [
                "sha256:2a62eb59c4dbc9a1b2ca3948f07cd448ca5ee1ebdd2bac677494e9a6b01c3670",
                "sha256:33456d0c1a9f6dc103749b3a00099a8b5bfea9d1c292526ec3dffe5c7df1f752"
            ],
            "version": "==2018.4"
        },
        "regex": {
            "hashes": [
                "sha256:1b428a296531ea1642a7da48562746309c5c06471a97bd0c02dd6a82e9cecee8",
                "sha256:27d72bb42dffb32516c28d218bb054ce128afd3e18464f30837166346758af67",
                "sha256:32cf4743debee9ea12d3626ee21eae83052763740e04086304e7a74778bf58c9",
                "sha256:32f6408dbca35040bc65f9f4ae1444d5546411fde989cb71443a182dd643305e",
                "sha256:333687d9a44738c486735955993f83bd22061a416c48f5a5f9e765e90cf1b0c9",
                "sha256:35eeccf17af3b017a54d754e160af597036435c58eceae60f1dd1364ae1250c7",
                "sha256:361a1fd703a35580a4714ec28d85e29780081a4c399a99bbfb2aee695d72aedb",
                "sha256:494bed6396a20d3aa6376bdf2d3fbb1005b8f4339558d8ac7b53256755f80303",
                "sha256:5b9c0ddd5b4afa08c9074170a2ea9b34ea296e32aeea522faaaaeeeb2fe0af2e",
                "sha256:a50532f61b23d4ab9d216a6214f359dd05c911c1a1ad20986b6738a782926c1a",
                "sha256:a9243d7b359b72c681a2c32eaa7ace8d346b7e8ce09d172a683acf6853161d9c",
                "sha256:b44624a38d07d3c954c84ad302c29f7930f4bf01443beef5589e9157b14e2a29",
                "sha256:be42a601aaaeb7a317f818490a39d153952a97c40c6e9beeb2a1103616405348",
                "sha256:eee4d94b1a626490fc8170ffd788883f8c641b576e11ba9b4a29c9f6623371e0",
                "sha256:f69d1201a4750f763971ea8364ed95ee888fc128968b39d38883a72a4d005895"
            ],
            "version": "==2018.2.21"
        },
        "requests": {
            "hashes": [
                "sha256:6a1b267aa90cac58ac3a765d067950e7dbbf75b1da07e895d1f594193a40a38b",
                "sha256:9c443e7324ba5b85070c4a818ade28bfabedf16ea10206da1132edaa6dda237e"
            ],
            "index": "pypi",
            "version": "==2.18.4"
        },
        "requests-html": {
            "hashes": [
                "sha256:34257d5249b20b8ed14573eba910f48032a61205e70d11ce8a3ef6abf8edc50b",
                "sha256:9686f21c5753ba6c025c6ba223a8329c7b149a935a73055097faf8999eee85b1"
            ],
            "index": "pypi",
            "version": "==0.9.0"
        },
        "ruamel.yaml": {
            "hashes": [
                "sha256:039bb5b50a2f3b17c969ed1d381e050bca851e3c13fe8c2a9ad18f605ca111a5",
                "sha256:181699cc08b157ef8a59a77e96a01b5ffa150044ed4e49fd98428ab9ac0e6ed9",
                "sha256:1d46053cb7acf0cd6b375e34abfb94f2e97c39269c17eb8b0226fe8a470c4ced",
                "sha256:2d1df676ac75fb5e0af7b91f7718a4b4f469a5d8ac4150edecc61f063283bbee",
                "sha256:4b1929101d09612e0c7a42fbe06b0f929a4a89e1d14832353c1eb073580d3ba6",
                "sha256:509842d96fb194f79b57483b76429f8956d8f7ade3cb49d1e5aeb5c5e9ef4918",
                "sha256:656dcd3d30774ffe252e46db96f4cf24b284d42c904b93f9cbe6b234028f7d2e",
                "sha256:6932e1ad63c805a41665a94e5d7b70808e9e25943f72afba6d327fede2aeb43d",
                "sha256:759b485e8cda260bd87b7cdd2ad936a0ec359ee6154a9d856357446792b3faf5",
                "sha256:766ee90985c667f77bf34950b1d945624c263ecb82d859961f78effb3355c946",
                "sha256:7afefe5dab4381393a2aa7ccb585ffd6080d52e7cd05f1df3788e9d0e4dfcea9",
                "sha256:882cacb8af5f7009780da75041ef131d0ec80d9e0b81d3cf8d4b49a0a33fe6ef",
                "sha256:b6bc5f434d72a672dbe48471e70771789d5d93603716c9e36963fe1dc7a35718",
                "sha256:cea830caa479ae083f51ffdb55fe430a2763e853a7b06195f203db6d28bf5264",
                "sha256:dc051cd1fe541e321f6846bddba8e2c0de8ca409d51a6d9917c7b970d8d89a3d",
                "sha256:e4d53f6a0c21d8effc23371927e8569096d0364d7c703b2e6956c6281b6bde2c",
                "sha256:f5ef82b8efe378de6abb7042263d6f407b0760ad923ed477fa26007b1fa0e563"
            ],
            "version": "==0.15.37"
        },
        "six": {
            "hashes": [
                "sha256:70e8a77beed4562e7f14fe23a786b54f6296e34344c23bc42f07b15018ff98e9",
                "sha256:832dc0e10feb1aa2c68dcc57dbb658f1c7e65b9b61af69048abc87a2db00a0eb"
            ],
            "version": "==1.11.0"
        },
        "tzlocal": {
            "hashes": [
                "sha256:4ebeb848845ac898da6519b9b31879cf13b6626f7184c496037b818e238f2c4e"
            ],
            "version": "==1.5.1"
        },
        "urllib3": {
            "hashes": [
                "sha256:06330f386d6e4b195fbfc736b297f58c5a892e4440e54d294d7004e3a9bbea1b",
                "sha256:cc44da8e1145637334317feebd728bd869a35285b93cbb4cca2577da7e62db4f"
            ],
            "version": "==1.22"
        },
        "w3lib": {
            "hashes": [
                "sha256:55994787e93b411c2d659068b51b9998d9d0c05e0df188e6daf8f45836e1ea38",
                "sha256:aaf7362464532b1036ab0092e2eee78e8fd7b56787baa9ed4967457b083d011b"
            ],
            "version": "==1.19.0"
        },
        "websockets": {
            "hashes": [
                "sha256:0c31bc832d529dc7583d324eb6c836a4f362032a1902723c112cf57883488d8c",
                "sha256:1f3e5a52cab6daa3d432c7b0de0a14109be39d2bfaad033ee5de4a3d3e11dcdf",
                "sha256:341824d8c9ad53fc43cca3fa9407f294125fa258592f7676640396501448e57e",
                "sha256:367ff945bc0950ad9634591e2afe50bf2222bc4fad1088a386c4bb700888026e",
                "sha256:3859ca16c229ddb0fa21c5090e4efcb037c08ce69b0c1dfed6122c3f98cd0c22",
                "sha256:3d425ae081fb4ba1eef9ecf30472ffd79f8e868297ccc7a47993c96dbf2a819c",
                "sha256:64896a6b3368c959b8096b655e46f03dfa65b96745249f374bd6a35705cc3489",
                "sha256:6df87698022aef2596bffdfecc96d656db59c8d719708c8a471daa815ee61656",
                "sha256:80188abdadd23edaaea05ce761dc9a2e1df31a74a0533967f0dcd9560c85add0",
                "sha256:d1a0572b6edb22c9208e3e5381064e09d287d2a915f90233fef994ee7a14a935",
                "sha256:da4d4fbe059b0453e726d6d993760065d69b823a27efc3040402a6fcfe6a1ed9",
                "sha256:da7610a017f5343fdf765f4e0eb6fd0dfd08264ca1565212b110836d9367fc9c",
                "sha256:ebdd4f18fe7e3bea9bd3bf446b0f4117739478caa2c76e4f0fb72cc45b03cbd7",
                "sha256:f5192da704535a7cbf76d6e99c1ec4af7e8d1288252bf5a2385d414509ded0cf",
                "sha256:fd81af8cf3e69f9a97f3a6c0623a0527de0f922c2df725f00cd7646d478af632",
                "sha256:fecf51c13195c416c22422353b306dddb9c752e4b80b21e0fa1fccbe38246677"
            ],
            "version": "==4.0.1"
        }
    },
    "develop": {
        "pycodestyle": {
            "hashes": [
                "sha256:74abc4e221d393ea5ce1f129ea6903209940c1ecd29e002e8c6933c2b21026e0",
                "sha256:cbc619d09254895b0d12c2c691e237b2e91e9b2ecf5e84c26b35400f93dcfb83",
                "sha256:cbfca99bd594a10f674d0cd97a3d802a1fdef635d4361e1a2658de47ed261e3a"
            ],
            "index": "pypi",
            "version": "==2.4.0"
        }
    }
}
